
Microsoft Visual Studio Solution File, Format Version 12.00
# Visual Studio Version 16
VisualStudioVersion = 16.0.31424.327
MinimumVisualStudioVersion = 10.0.40219.1
Project("{FAE04EC0-301F-11D3-BF4B-00C04F79EFBC}") = "Filters", "Filters.csproj", "{69B68EC7-2AB8-40E8-BA78-3EFD2C5B6FFC}"
EndProject
Global
	GlobalSection(SolutionConfigurationPlatforms) = preSolution
		Debug|Any CPU = Debug|Any CPU
		Release|Any CPU = Release|Any CPU
	EndGlobalSection
	GlobalSection(ProjectConfigurationPlatforms) = postSolution
		{69B68EC7-2AB8-40E8-BA78-3EFD2C5B6FFC}.Debug|Any CPU.ActiveCfg = Debug|Any CPU
		{69B68EC7-2AB8-40E8-BA78-3EFD2C5B6FFC}.Debug|Any CPU.Build.0 = Debug|Any CPU
		{69B68EC7-2AB8-40E8-BA78-3EFD2C5B6FFC}.Release|Any CPU.ActiveCfg = Release|Any CPU
		{69B68EC7-2AB8-40E8-BA78-3EFD2C5B6FFC}.Release|Any CPU.Build.0 = Release|Any CPU
	EndGlobalSection
	GlobalSection(SolutionProperties) = preSolution
		HideSolutionNode = FALSE
	EndGlobalSection
	GlobalSection(ExtensibilityGlobals) = postSolution
		SolutionGuid = {B770C01B-10E9-44F0-8CC5-563F28086007}
	EndGlobalSection
EndGlobal
